
Microsoft Visual Studio Solution File, Format Version 12.00
# Visual Studio Version 16
VisualStudioVersion = 16.0.30011.22
MinimumVisualStudioVersion = 10.0.40219.1
Project("{9A19103F-16F7-4668-BE54-9A1E7A4F7556}") = "TentativeCourses", "TentativeCourses\TentativeCourses.csproj", "{58672BD8-082B-4032-A07F-BD9A329A4874}"
EndProject
Project("{FAE04EC0-301F-11D3-BF4B-00C04F79EFBC}") = "TentativeCoursesTest", "TentativeCoursesTest\TentativeCoursesTest.csproj", "{30EE44A2-A1E6-44EA-81C3-BD13B29CC477}"
EndProject
Global
	GlobalSection(SolutionConfigurationPlatforms) = preSolution
		Debug|Any CPU = Debug|Any CPU
		Release|Any CPU = Release|Any CPU
	EndGlobalSection
	GlobalSection(ProjectConfigurationPlatforms) = postSolution
		{58672BD8-082B-4032-A07F-BD9A329A4874}.Debug|Any CPU.ActiveCfg = Debug|Any CPU
		{58672BD8-082B-4032-A07F-BD9A329A4874}.Debug|Any CPU.Build.0 = Debug|Any CPU
		{58672BD8-082B-4032-A07F-BD9A329A4874}.Release|Any CPU.ActiveCfg = Release|Any CPU
		{58672BD8-082B-4032-A07F-BD9A329A4874}.Release|Any CPU.Build.0 = Release|Any CPU
		{30EE44A2-A1E6-44EA-81C3-BD13B29CC477}.Debug|Any CPU.ActiveCfg = Debug|Any CPU
		{30EE44A2-A1E6-44EA-81C3-BD13B29CC477}.Debug|Any CPU.Build.0 = Debug|Any CPU
		{30EE44A2-A1E6-44EA-81C3-BD13B29CC477}.Release|Any CPU.ActiveCfg = Release|Any CPU
		{30EE44A2-A1E6-44EA-81C3-BD13B29CC477}.Release|Any CPU.Build.0 = Release|Any CPU
	EndGlobalSection
	GlobalSection(SolutionProperties) = preSolution
		HideSolutionNode = FALSE
	EndGlobalSection
	GlobalSection(ExtensibilityGlobals) = postSolution
		SolutionGuid = {684548D5-51BB-4843-B2C8-74A4743AFD87}
	EndGlobalSection
EndGlobal
